# This file is automatically @generated by pesde.
# It is not intended for manual editing.
format = 2
name = "pesde/not_for_publish"
version = "0.0.0"
target = "lune"

[graph."itsfrank/frktest@0.0.2 lune"]
direct = ["frktest", { name = "itsfrank/frktest", version = "^0.0.2", index = "default" }, "dev"]

[graph."itsfrank/frktest@0.0.2 lune".pkg_ref]
ref_ty = "pesde"
index_url = "https://github.com/daimond113/pesde-index"

[graph."synpixel/base64@3.0.1 lune"]
direct = ["base64", { name = "synpixel/base64", version = "^3.0.1", index = "default" }, "dev"]

[graph."synpixel/base64@3.0.1 lune".pkg_ref]
ref_ty = "pesde"
index_url = "https://github.com/daimond113/pesde-index"
